// !$*UTF8*$!
{
	archiveVersion = 1;
	classes = {
	};
	objectVersion = 46;
	objects = {

/* Begin PBXBuildFile section */
		354F07CF1D015D3F005CDC40 /* iWorkTests.swift in Sources */ = {isa = PBXBuildFile; fileRef = 354F07CE1D015D3F005CDC40 /* iWorkTests.swift */; };
		3582A8521D01436E00ED3A7A /* AppDelegate.swift in Sources */ = {isa = PBXBuildFile; fileRef = 3582A8511D01436E00ED3A7A /* AppDelegate.swift */; };
		3582A8541D01436E00ED3A7A /* ViewController.swift in Sources */ = {isa = PBXBuildFile; fileRef = 3582A8531D01436E00ED3A7A /* ViewController.swift */; };
		3582A8571D01436E00ED3A7A /* Main.storyboard in Resources */ = {isa = PBXBuildFile; fileRef = 3582A8551D01436E00ED3A7A /* Main.storyboard */; };
		3582A8591D01436E00ED3A7A /* Assets.xcassets in Resources */ = {isa = PBXBuildFile; fileRef = 3582A8581D01436E00ED3A7A /* Assets.xcassets */; };
		3582A85C1D01436E00ED3A7A /* LaunchScreen.storyboard in Resources */ = {isa = PBXBuildFile; fileRef = 3582A85A1D01436E00ED3A7A /* LaunchScreen.storyboard */; };
/* End PBXBuildFile section */

/* Begin PBXContainerItemProxy section */
		354F07D11D015D3F005CDC40 /* PBXContainerItemProxy */ = {
			isa = PBXContainerItemProxy;
			containerPortal = 3582A8461D01436E00ED3A7A /* Project object */;
			proxyType = 1;
			remoteGlobalIDString = 3582A84D1D01436E00ED3A7A;
			remoteInfo = iWork;
		};
/* End PBXContainerItemProxy section */

/* Begin PBXFileReference section */
		354F07CC1D015D3F005CDC40 /* iWorkTests.xctest */ = {isa = PBXFileReference; explicitFileType = wrapper.cfbundle; includeInIndex = 0; path = iWorkTests.xctest; sourceTree = BUILT_PRODUCTS_DIR; };
		354F07CE1D015D3F005CDC40 /* iWorkTests.swift */ = {isa = PBXFileReference; lastKnownFileType = sourcecode.swift; path = iWorkTests.swift; sourceTree = "<group>"; };
		354F07D01D015D3F005CDC40 /* Info.plist */ = {isa = PBXFileReference; lastKnownFileType = text.plist.xml; path = Info.plist; sourceTree = "<group>"; };
		3582A84E1D01436E00ED3A7A /* iWork.app */ = {isa = PBXFileReference; explicitFileType = wrapper.application; includeInIndex = 0; path = iWork.app; sourceTree = BUILT_PRODUCTS_DIR; };
		3582A8511D01436E00ED3A7A /* AppDelegate.swift */ = {isa = PBXFileReference; lastKnownFileType = sourcecode.swift; path = AppDelegate.swift; sourceTree = "<group>"; };
		3582A8531D01436E00ED3A7A /* ViewController.swift */ = {isa = PBXFileReference; lastKnownFileType = sourcecode.swift; path = ViewController.swift; sourceTree = "<group>"; };
		3582A8561D01436E00ED3A7A /* Base */ = {isa = PBXFileReference; lastKnownFileType = file.storyboard; name = Base; path = Base.lproj/Main.storyboard; sourceTree = "<group>"; };
		3582A8581D01436E00ED3A7A /* Assets.xcassets */ = {isa = PBXFileReference; lastKnownFileType = folder.assetcatalog; path = Assets.xcassets; sourceTree = "<group>"; };
		3582A85B1D01436E00ED3A7A /* Base */ = {isa = PBXFileReference; lastKnownFileType = file.storyboard; name = Base; path = Base.lproj/LaunchScreen.storyboard; sourceTree = "<group>"; };
		3582A85D1D01436E00ED3A7A /* Info.plist */ = {isa = PBXFileReference; lastKnownFileType = text.plist.xml; path = Info.plist; sourceTree = "<group>"; };
/* End PBXFileReference section */

/* Begin PBXFrameworksBuildPhase section */
		354F07C91D015D3F005CDC40 /* Frameworks */ = {
			isa = PBXFrameworksBuildPhase;
			buildActionMask = 2147483647;
			files = (
			);
			runOnlyForDeploymentPostprocessing = 0;
		};
		3582A84B1D01436E00ED3A7A /* Frameworks */ = {
			isa = PBXFrameworksBuildPhase;
			buildActionMask = 2147483647;
			files = (
			);
			runOnlyForDeploymentPostprocessing = 0;
		};
/* End PBXFrameworksBuildPhase section */

/* Begin PBXGroup section */
		354F07CD1D015D3F005CDC40 /* iWorkTests */ = {
			isa = PBXGroup;
			children = (
				354F07CE1D015D3F005CDC40 /* iWorkTests.swift */,
				354F07D01D015D3F005CDC40 /* Info.plist */,
			);
			path = iWorkTests;
			sourceTree = "<group>";
		};
		3582A8451D01436E00ED3A7A = {
			isa = PBXGroup;
			children = (
				3582A8501D01436E00ED3A7A /* iWork */,
				354F07CD1D015D3F005CDC40 /* iWorkTests */,
				3582A84F1D01436E00ED3A7A /* Products */,
			);
			sourceTree = "<group>";
		};
		3582A84F1D01436E00ED3A7A /* Products */ = {
			isa = PBXGroup;
			children = (
				3582A84E1D01436E00ED3A7A /* iWork.app */,
				354F07CC1D015D3F005CDC40 /* iWorkTests.xctest */,
			);
			name = Products;
			sourceTree = "<group>";
		};
		3582A8501D01436E00ED3A7A /* iWork */ = {
			isa = PBXGroup;
			children = (
				3582A8511D01436E00ED3A7A /* AppDelegate.swift */,
				3582A8531D01436E00ED3A7A /* ViewController.swift */,
				3582A8551D01436E00ED3A7A /* Main.storyboard */,
				3582A8581D01436E00ED3A7A /* Assets.xcassets */,
				3582A85A1D01436E00ED3A7A /* LaunchScreen.storyboard */,
				3582A85D1D01436E00ED3A7A /* Info.plist */,
			);
			path = iWork;
			sourceTree = "<group>";
		};
/* End PBXGroup section */

/* Begin PBXNativeTarget section */
		354F07CB1D015D3F005CDC40 /* iWorkTests */ = {
			isa = PBXNativeTarget;
			buildConfigurationList = 354F07D51D015D3F005CDC40 /* Build configuration list for PBXNativeTarget "iWorkTests" */;
			buildPhases = (
				354F07C81D015D3F005CDC40 /* Sources */,
				354F07C91D015D3F005CDC40 /* Frameworks */,
				354F07CA1D015D3F005CDC40 /* Resources */,
			);
			buildRules = (
			);
			dependencies = (
				354F07D21D015D3F005CDC40 /* PBXTargetDependency */,
			);
			name = iWorkTests;
			productName = iWorkTests;
			productReference = 354F07CC1D015D3F005CDC40 /* iWorkTests.xctest */;
			productType = "com.apple.product-type.bundle.unit-test";
		};
		3582A84D1D01436E00ED3A7A /* iWork */ = {
			isa = PBXNativeTarget;
			buildConfigurationList = 3582A8601D01436E00ED3A7A /* Build configuration list for PBXNativeTarget "iWork" */;
			buildPhases = (
				3582A84A1D01436E00ED3A7A /* Sources */,
				3582A84B1D01436E00ED3A7A /* Frameworks */,
				3582A84C1D01436E00ED3A7A /* Resources */,
			);
			buildRules = (
			);
			dependencies = (
			);
			name = iWork;
			productName = iWork;
			productReference = 3582A84E1D01436E00ED3A7A /* iWork.app */;
			productType = "com.apple.product-type.application";
		};
/* End PBXNativeTarget section */

/* Begin PBXProject section */
		3582A8461D01436E00ED3A7A /* Project object */ = {
			isa = PBXProject;
			attributes = {
				LastSwiftUpdateCheck = 0730;
				LastUpgradeCheck = 0730;
				ORGANIZATIONNAME = "Rahul Katariya";
				TargetAttributes = {
					354F07CB1D015D3F005CDC40 = {
						CreatedOnToolsVersion = 7.3.1;
						TestTargetID = 3582A84D1D01436E00ED3A7A;
					};
					3582A84D1D01436E00ED3A7A = {
						CreatedOnToolsVersion = 7.3.1;
					};
				};
			};
			buildConfigurationList = 3582A8491D01436E00ED3A7A /* Build configuration list for PBXProject "iWork" */;
			compatibilityVersion = "Xcode 3.2";
			developmentRegion = English;
			hasScannedForEncodings = 0;
			knownRegions = (
				en,
				Base,
			);
			mainGroup = 3582A8451D01436E00ED3A7A;
			productRefGroup = 3582A84F1D01436E00ED3A7A /* Products */;
			projectDirPath = "";
			projectRoot = "";
			targets = (
				3582A84D1D01436E00ED3A7A /* iWork */,
				354F07CB1D015D3F005CDC40 /* iWorkTests */,
			);
		};
/* End PBXProject section */

/* Begin PBXResourcesBuildPhase section */
		354F07CA1D015D3F005CDC40 /* Resources */ = {
			isa = PBXResourcesBuildPhase;
			buildActionMask = 2147483647;
			files = (
			);
			runOnlyForDeploymentPostprocessing = 0;
		};
		3582A84C1D01436E00ED3A7A /* Resources */ = {
			isa = PBXResourcesBuildPhase;
			buildActionMask = 2147483647;
			files = (
				3582A85C1D01436E00ED3A7A /* LaunchScreen.storyboard in Resources */,
				3582A8591D01436E00ED3A7A /* Assets.xcassets in Resources */,
				3582A8571D01436E00ED3A7A /* Main.storyboard in Resources */,
			);
			runOnlyForDeploymentPostprocessing = 0;
		};
/* End PBXResourcesBuildPhase section */

/* Begin PBXSourcesBuildPhase section */
		354F07C81D015D3F005CDC40 /* Sources */ = {
			isa = PBXSourcesBuildPhase;
			buildActionMask = 2147483647;
			files = (
				354F07CF1D015D3F005CDC40 /* iWorkTests.swift in Sources */,
			);
			runOnlyForDeploymentPostprocessing = 0;
		};
		3582A84A1D01436E00ED3A7A /* Sources */ = {
			isa = PBXSourcesBuildPhase;
			buildActionMask = 2147483647;
			files = (
				3582A8541D01436E00ED3A7A /* ViewController.swift in Sources */,
				3582A8521D01436E00ED3A7A /* AppDelegate.swift in Sources */,
			);
			runOnlyForDeploymentPostprocessing = 0;
		};
/* End PBXSourcesBuildPhase section */

/* Begin PBXTargetDependency section */
		354F07D21D015D3F005CDC40 /* PBXTargetDependency */ = {
			isa = PBXTargetDependency;
			target = 3582A84D1D01436E00ED3A7A /* iWork */;
			targetProxy = 354F07D11D015D3F005CDC40 /* PBXContainerItemProxy */;
		};
/* End PBXTargetDependency section */

/* Begin PBXVariantGroup section */
		3582A8551D01436E00ED3A7A /* Main.storyboard */ = {
			isa = PBXVariantGroup;
			children = (
				3582A8561D01436E00ED3A7A /* Base */,
			);
			name = Main.storyboard;
			sourceTree = "<group>";
		};
		3582A85A1D01436E00ED3A7A /* LaunchScreen.storyboard */ = {
			isa = PBXVariantGroup;
			children = (
				3582A85B1D01436E00ED3A7A /* Base */,
			);
			name = LaunchScreen.storyboard;
			sourceTree = "<group>";
		};
/* End PBXVariantGroup section */

/* Begin XCBuildConfiguration section */
		354F07D31D015D3F005CDC40 /* Debug */ = {
			isa = XCBuildConfiguration;
			buildSettings = {
				BUNDLE_LOADER = "$(TEST_HOST)";
				INFOPLIST_FILE = iWorkTests/Info.plist;
				LD_RUNPATH_SEARCH_PATHS = "$(inherited) @executable_path/Frameworks @loader_path/Frameworks";
				PRODUCT_BUNDLE_IDENTIFIER = com.rahulkatariya.iWorkTests;
				PRODUCT_NAME = "$(TARGET_NAME)";
				TEST_HOST = "$(BUILT_PRODUCTS_DIR)/iWork.app/iWork";
			};
			name = Debug;
		};
		354F07D41D015D3F005CDC40 /* Release */ = {
			isa = XCBuildConfiguration;
			buildSettings = {
				BUNDLE_LOADER = "$(TEST_HOST)";
				INFOPLIST_FILE = iWorkTests/Info.plist;
				LD_RUNPATH_SEARCH_PATHS = "$(inherited) @executable_path/Frameworks @loader_path/Frameworks";
				PRODUCT_BUNDLE_IDENTIFIER = com.rahulkatariya.iWorkTests;
				PRODUCT_NAME = "$(TARGET_NAME)";
				TEST_HOST = "$(BUILT_PRODUCTS_DIR)/iWork.app/iWork";
			};
			name = Release;
		};
		3582A85E1D01436E00ED3A7A /* Debug */ = {
			isa = XCBuildConfiguration;
			buildSettings = {
				ALWAYS_SEARCH_USER_PATHS = NO;
				CLANG_ANALYZER_NONNULL = YES;
				CLANG_CXX_LANGUAGE_STANDARD = "gnu++0x";
				CLANG_CXX_LIBRARY = "libc++";
				CLANG_ENABLE_MODULES = YES;
				CLANG_ENABLE_OBJC_ARC = YES;
				CLANG_WARN_BOOL_CONVERSION = YES;
				CLANG_WARN_CONSTANT_CONVERSION = YES;
				CLANG_WARN_DIRECT_OBJC_ISA_USAGE = YES_ERROR;
				CLANG_WARN_EMPTY_BODY = YES;
				CLANG_WARN_ENUM_CONVERSION = YES;
				CLANG_WARN_INT_CONVERSION = YES;
				CLANG_WARN_OBJC_ROOT_CLASS = YES_ERROR;
				CLANG_WARN_UNREACHABLE_CODE = YES;
				CLANG_WARN__DUPLICATE_METHOD_MATCH = YES;
				"CODE_SIGN_IDENTITY[sdk=iphoneos*]" = "iPhone Developer";
				COPY_PHASE_STRIP = NO;
				DEBUG_INFORMATION_FORMAT = dwarf;
				ENABLE_STRICT_OBJC_MSGSEND = YES;
				ENABLE_TESTABILITY = YES;
				GCC_C_LANGUAGE_STANDARD = gnu99;
				GCC_DYNAMIC_NO_PIC = NO;
				GCC_NO_COMMON_BLOCKS = YES;
				GCC_OPTIMIZATION_LEVEL = 0;
				GCC_PREPROCESSOR_DEFINITIONS = (
					"DEBUG=1",
					"$(inherited)",
				);
				GCC_WARN_64_TO_32_BIT_CONVERSION = YES;
				GCC_WARN_ABOUT_RETURN_TYPE = YES_ERROR;
				GCC_WARN_UNDECLARED_SELECTOR = YES;
				GCC_WARN_UNINITIALIZED_AUTOS = YES_AGGRESSIVE;
				GCC_WARN_UNUSED_FUNCTION = YES;
				GCC_WARN_UNUSED_VARIABLE = YES;
				IPHONEOS_DEPLOYMENT_TARGET = 9.3;
				MTL_ENABLE_DEBUG_INFO = YES;
				ONLY_ACTIVE_ARCH = YES;
				SDKROOT = iphoneos;
				SWIFT_OPTIMIZATION_LEVEL = "-Onone";
			};
			name = Debug;
		};
		3582A85F1D01436E00ED3A7A /* Release */ = {
			isa = XCBuildConfiguration;
			buildSettings = {
				ALWAYS_SEARCH_USER_PATHS = NO;
				CLANG_ANALYZER_NONNULL = YES;
				CLANG_CXX_LANGUAGE_STANDARD = "gnu++0x";
				CLANG_CXX_LIBRARY = "libc++";
				CLANG_ENABLE_MODULES = YES;
				CLANG_ENABLE_OBJC_ARC = YES;
				CLANG_WARN_BOOL_CONVERSION = YES;
				CLANG_WARN_CONSTANT_CONVERSION = YES;
				CLANG_WARN_DIRECT_OBJC_ISA_USAGE = YES_ERROR;
				CLANG_WARN_EMPTY_BODY = YES;
				CLANG_WARN_ENUM_CONVERSION = YES;
				CLANG_WARN_INT_CONVERSION = YES;
				CLANG_WARN_OBJC_ROOT_CLASS = YES_ERROR;
				CLANG_WARN_UNREACHABLE_CODE = YES;
				CLANG_WARN__DUPLICATE_METHOD_MATCH = YES;
				"CODE_SIGN_IDENTITY[sdk=iphoneos*]" = "iPhone Developer";
				COPY_PHASE_STRIP = NO;
				DEBUG_INFORMATION_FORMAT = "dwarf-with-dsym";
				ENABLE_NS_ASSERTIONS = NO;
				ENABLE_STRICT_OBJC_MSGSEND = YES;
				GCC_C_LANGUAGE_STANDARD = gnu99;
				GCC_NO_COMMON_BLOCKS = YES;
				GCC_WARN_64_TO_32_BIT_CONVERSION = YES;
				GCC_WARN_ABOUT_RETURN_TYPE = YES_ERROR;
				GCC_WARN_UNDECLARED_SELECTOR = YES;
				GCC_WARN_UNINITIALIZED_AUTOS = YES_AGGRESSIVE;
				GCC_WARN_UNUSED_FUNCTION = YES;
				GCC_WARN_UNUSED_VARIABLE = YES;
				IPHONEOS_DEPLOYMENT_TARGET = 9.3;
				MTL_ENABLE_DEBUG_INFO = NO;
				SDKROOT = iphoneos;
				VALIDATE_PRODUCT = YES;
			};
			name = Release;
		};
		3582A8611D01436E00ED3A7A /* Debug */ = {
			isa = XCBuildConfiguration;
			buildSettings = {
				ASSETCATALOG_COMPILER_APPICON_NAME = AppIcon;
				INFOPLIST_FILE = iWork/Info.plist;
				LD_RUNPATH_SEARCH_PATHS = "$(inherited) @executable_path/Frameworks";
				PRODUCT_BUNDLE_IDENTIFIER = com.rahulkatariya.iWork;
				PRODUCT_NAME = "$(TARGET_NAME)";
			};
			name = Debug;
		};
		3582A8621D01436E00ED3A7A /* Release */ = {
			isa = XCBuildConfiguration;
			buildSettings = {
				ASSETCATALOG_COMPILER_APPICON_NAME = AppIcon;
				INFOPLIST_FILE = iWork/Info.plist;
				LD_RUNPATH_SEARCH_PATHS = "$(inherited) @executable_path/Frameworks";
				PRODUCT_BUNDLE_IDENTIFIER = com.rahulkatariya.iWork;
				PRODUCT_NAME = "$(TARGET_NAME)";
			};
			name = Release;
		};
/* End XCBuildConfiguration section */

/* Begin XCConfigurationList section */
		354F07D51D015D3F005CDC40 /* Build configuration list for PBXNativeTarget "iWorkTests" */ = {
			isa = XCConfigurationList;
			buildConfigurations = (
				354F07D31D015D3F005CDC40 /* Debug */,
				354F07D41D015D3F005CDC40 /* Release */,
			);
			defaultConfigurationIsVisible = 0;
		};
		3582A8491D01436E00ED3A7A /* Build configuration list for PBXProject "iWork" */ = {
			isa = XCConfigurationList;
			buildConfigurations = (
				3582A85E1D01436E00ED3A7A /* Debug */,
				3582A85F1D01436E00ED3A7A /* Release */,
			);
			defaultConfigurationIsVisible = 0;
			defaultConfigurationName = Release;
		};
		3582A8601D01436E00ED3A7A /* Build configuration list for PBXNativeTarget "iWork" */ = {
			isa = XCConfigurationList;
			buildConfigurations = (
				3582A8611D01436E00ED3A7A /* Debug */,
				3582A8621D01436E00ED3A7A /* Release */,
			);
			defaultConfigurationIsVisible = 0;
			defaultConfigurationName = Release;
		};
/* End XCConfigurationList section */
	};
	rootObject = 3582A8461D01436E00ED3A7A /* Project object */;
}
